
Microsoft Visual Studio Solution File, Format Version 12.00
# Visual Studio 14
VisualStudioVersion = 14.0.24720.0
MinimumVisualStudioVersion = 10.0.40219.1
Project("{2150E333-8FDC-42A3-9474-1A3956D46DE8}") = "src", "src", "{6F89B11F-CC2B-4FDE-BE80-C546409CDDB6}"
EndProject
Project("{2150E333-8FDC-42A3-9474-1A3956D46DE8}") = "sln", "sln", "{8854178D-46EB-468E-A90D-9F78A152C6D2}"
EndProject
Project("{2150E333-8FDC-42A3-9474-1A3956D46DE8}") = "tests", "tests", "{E9EEE1B9-A30A-4B10-AFA8-32165558AFB4}"
EndProject
Project("{2150E333-8FDC-42A3-9474-1A3956D46DE8}") = "build", "build", "{A5BF123D-95DD-4203-930C-89568CAE3FA7}"
	ProjectSection(SolutionItems) = preProject
		build.cmd = build.cmd
	EndProjectSection
EndProject
Project("{2150E333-8FDC-42A3-9474-1A3956D46DE8}") = "dependencies", "dependencies", "{37B45443-D941-4367-A734-C370F9E121C9}"
	ProjectSection(SolutionItems) = preProject
		paket.dependencies = paket.dependencies
		paket.lock = paket.lock
	EndProjectSection
EndProject
Project("{2150E333-8FDC-42A3-9474-1A3956D46DE8}") = "packages", "packages", "{28801462-331E-4567-B957-8ABC6A31F235}"
EndProject
Project("{F2A71F9B-5D33-465A-A702-920D77279786}") = "Freya.Core", "src\Freya.Core\Freya.Core.fsproj", "{CE8119B8-0D72-4911-BD3B-7E2E1B276418}"
EndProject
Project("{2150E333-8FDC-42A3-9474-1A3956D46DE8}") = "src", "src", "{A1454883-B97F-450F-A3CC-21AA9CF9779B}"
	ProjectSection(SolutionItems) = preProject
		src\Freya.Core\Freya.Core.fsproj.paket.references = src\Freya.Core\Freya.Core.fsproj.paket.references
	EndProjectSection
EndProject
Global
	GlobalSection(SolutionConfigurationPlatforms) = preSolution
		Debug|Any CPU = Debug|Any CPU
		Release|Any CPU = Release|Any CPU
	EndGlobalSection
	GlobalSection(ProjectConfigurationPlatforms) = postSolution
		{CE8119B8-0D72-4911-BD3B-7E2E1B276418}.Debug|Any CPU.ActiveCfg = Debug|Any CPU
		{CE8119B8-0D72-4911-BD3B-7E2E1B276418}.Debug|Any CPU.Build.0 = Debug|Any CPU
		{CE8119B8-0D72-4911-BD3B-7E2E1B276418}.Release|Any CPU.ActiveCfg = Release|Any CPU
		{CE8119B8-0D72-4911-BD3B-7E2E1B276418}.Release|Any CPU.Build.0 = Release|Any CPU
	EndGlobalSection
	GlobalSection(SolutionProperties) = preSolution
		HideSolutionNode = FALSE
	EndGlobalSection
	GlobalSection(NestedProjects) = preSolution
		{A5BF123D-95DD-4203-930C-89568CAE3FA7} = {8854178D-46EB-468E-A90D-9F78A152C6D2}
		{37B45443-D941-4367-A734-C370F9E121C9} = {8854178D-46EB-468E-A90D-9F78A152C6D2}
		{28801462-331E-4567-B957-8ABC6A31F235} = {8854178D-46EB-468E-A90D-9F78A152C6D2}
		{CE8119B8-0D72-4911-BD3B-7E2E1B276418} = {6F89B11F-CC2B-4FDE-BE80-C546409CDDB6}
		{A1454883-B97F-450F-A3CC-21AA9CF9779B} = {37B45443-D941-4367-A734-C370F9E121C9}
	EndGlobalSection
EndGlobal
