
Microsoft Visual Studio Solution File, Format Version 12.00
# Visual Studio 15
VisualStudioVersion = 15.0.26124.0
MinimumVisualStudioVersion = 15.0.26124.0
Project("{2150E333-8FDC-42A3-9474-1A3956D46DE8}") = "src", "src", "{F8D7A994-F73B-4ED7-BE2D-63C4589E6574}"
EndProject
Project("{F2A71F9B-5D33-465A-A702-920D77279786}") = "Freya.Core", "src\Freya.Core\Freya.Core.fsproj", "{DB64EA90-0E1D-412D-8DC4-5E1DE85E7D04}"
EndProject
Project("{F2A71F9B-5D33-465A-A702-920D77279786}") = "Freya.Core.Hopac", "src\Freya.Core.Hopac\Freya.Core.Hopac.fsproj", "{613B3A54-8764-4808-BD60-8B89868CB24A}"
EndProject
Project("{2150E333-8FDC-42A3-9474-1A3956D46DE8}") = "tests", "tests", "{322721E0-5CF1-43A9-8777-979A9B30DBB8}"
EndProject
Project("{F2A71F9B-5D33-465A-A702-920D77279786}") = "Freya.Core.Tests", "tests\Freya.Core.Tests\Freya.Core.Tests.fsproj", "{BD88F624-587B-44D7-BAFA-145D2CB12206}"
EndProject
Project("{F2A71F9B-5D33-465A-A702-920D77279786}") = "Freya.Core.Hopac.Tests", "tests\Freya.Core.Hopac.Tests\Freya.Core.Hopac.Tests.fsproj", "{E30463D3-AEFE-434E-B04D-13F7E279EB03}"
EndProject
Project("{F2A71F9B-5D33-465A-A702-920D77279786}") = "Freya.Core.Benchmarks", "tests\Freya.Core.Benchmarks\Freya.Core.Benchmarks.fsproj", "{919182F7-0B93-45FB-8740-42B24F9D3BF5}"
EndProject
Global
	GlobalSection(SolutionConfigurationPlatforms) = preSolution
		Debug|Any CPU = Debug|Any CPU
		Debug|x64 = Debug|x64
		Debug|x86 = Debug|x86
		Release|Any CPU = Release|Any CPU
		Release|x64 = Release|x64
		Release|x86 = Release|x86
	EndGlobalSection
	GlobalSection(SolutionProperties) = preSolution
		HideSolutionNode = FALSE
	EndGlobalSection
	GlobalSection(ProjectConfigurationPlatforms) = postSolution
		{DB64EA90-0E1D-412D-8DC4-5E1DE85E7D04}.Debug|Any CPU.ActiveCfg = Debug|Any CPU
		{DB64EA90-0E1D-412D-8DC4-5E1DE85E7D04}.Debug|Any CPU.Build.0 = Debug|Any CPU
		{DB64EA90-0E1D-412D-8DC4-5E1DE85E7D04}.Debug|x64.ActiveCfg = Debug|x64
		{DB64EA90-0E1D-412D-8DC4-5E1DE85E7D04}.Debug|x64.Build.0 = Debug|x64
		{DB64EA90-0E1D-412D-8DC4-5E1DE85E7D04}.Debug|x86.ActiveCfg = Debug|x86
		{DB64EA90-0E1D-412D-8DC4-5E1DE85E7D04}.Debug|x86.Build.0 = Debug|x86
		{DB64EA90-0E1D-412D-8DC4-5E1DE85E7D04}.Release|Any CPU.ActiveCfg = Release|Any CPU
		{DB64EA90-0E1D-412D-8DC4-5E1DE85E7D04}.Release|Any CPU.Build.0 = Release|Any CPU
		{DB64EA90-0E1D-412D-8DC4-5E1DE85E7D04}.Release|x64.ActiveCfg = Release|x64
		{DB64EA90-0E1D-412D-8DC4-5E1DE85E7D04}.Release|x64.Build.0 = Release|x64
		{DB64EA90-0E1D-412D-8DC4-5E1DE85E7D04}.Release|x86.ActiveCfg = Release|x86
		{DB64EA90-0E1D-412D-8DC4-5E1DE85E7D04}.Release|x86.Build.0 = Release|x86
		{613B3A54-8764-4808-BD60-8B89868CB24A}.Debug|Any CPU.ActiveCfg = Debug|Any CPU
		{613B3A54-8764-4808-BD60-8B89868CB24A}.Debug|Any CPU.Build.0 = Debug|Any CPU
		{613B3A54-8764-4808-BD60-8B89868CB24A}.Debug|x64.ActiveCfg = Debug|x64
		{613B3A54-8764-4808-BD60-8B89868CB24A}.Debug|x64.Build.0 = Debug|x64
		{613B3A54-8764-4808-BD60-8B89868CB24A}.Debug|x86.ActiveCfg = Debug|x86
		{613B3A54-8764-4808-BD60-8B89868CB24A}.Debug|x86.Build.0 = Debug|x86
		{613B3A54-8764-4808-BD60-8B89868CB24A}.Release|Any CPU.ActiveCfg = Release|Any CPU
		{613B3A54-8764-4808-BD60-8B89868CB24A}.Release|Any CPU.Build.0 = Release|Any CPU
		{613B3A54-8764-4808-BD60-8B89868CB24A}.Release|x64.ActiveCfg = Release|x64
		{613B3A54-8764-4808-BD60-8B89868CB24A}.Release|x64.Build.0 = Release|x64
		{613B3A54-8764-4808-BD60-8B89868CB24A}.Release|x86.ActiveCfg = Release|x86
		{613B3A54-8764-4808-BD60-8B89868CB24A}.Release|x86.Build.0 = Release|x86
		{BD88F624-587B-44D7-BAFA-145D2CB12206}.Debug|Any CPU.ActiveCfg = Debug|Any CPU
		{BD88F624-587B-44D7-BAFA-145D2CB12206}.Debug|Any CPU.Build.0 = Debug|Any CPU
		{BD88F624-587B-44D7-BAFA-145D2CB12206}.Debug|x64.ActiveCfg = Debug|x64
		{BD88F624-587B-44D7-BAFA-145D2CB12206}.Debug|x64.Build.0 = Debug|x64
		{BD88F624-587B-44D7-BAFA-145D2CB12206}.Debug|x86.ActiveCfg = Debug|x86
		{BD88F624-587B-44D7-BAFA-145D2CB12206}.Debug|x86.Build.0 = Debug|x86
		{BD88F624-587B-44D7-BAFA-145D2CB12206}.Release|Any CPU.ActiveCfg = Release|Any CPU
		{BD88F624-587B-44D7-BAFA-145D2CB12206}.Release|Any CPU.Build.0 = Release|Any CPU
		{BD88F624-587B-44D7-BAFA-145D2CB12206}.Release|x64.ActiveCfg = Release|x64
		{BD88F624-587B-44D7-BAFA-145D2CB12206}.Release|x64.Build.0 = Release|x64
		{BD88F624-587B-44D7-BAFA-145D2CB12206}.Release|x86.ActiveCfg = Release|x86
		{BD88F624-587B-44D7-BAFA-145D2CB12206}.Release|x86.Build.0 = Release|x86
		{E30463D3-AEFE-434E-B04D-13F7E279EB03}.Debug|Any CPU.ActiveCfg = Debug|Any CPU
		{E30463D3-AEFE-434E-B04D-13F7E279EB03}.Debug|Any CPU.Build.0 = Debug|Any CPU
		{E30463D3-AEFE-434E-B04D-13F7E279EB03}.Debug|x64.ActiveCfg = Debug|x64
		{E30463D3-AEFE-434E-B04D-13F7E279EB03}.Debug|x64.Build.0 = Debug|x64
		{E30463D3-AEFE-434E-B04D-13F7E279EB03}.Debug|x86.ActiveCfg = Debug|x86
		{E30463D3-AEFE-434E-B04D-13F7E279EB03}.Debug|x86.Build.0 = Debug|x86
		{E30463D3-AEFE-434E-B04D-13F7E279EB03}.Release|Any CPU.ActiveCfg = Release|Any CPU
		{E30463D3-AEFE-434E-B04D-13F7E279EB03}.Release|Any CPU.Build.0 = Release|Any CPU
		{E30463D3-AEFE-434E-B04D-13F7E279EB03}.Release|x64.ActiveCfg = Release|x64
		{E30463D3-AEFE-434E-B04D-13F7E279EB03}.Release|x64.Build.0 = Release|x64
		{E30463D3-AEFE-434E-B04D-13F7E279EB03}.Release|x86.ActiveCfg = Release|x86
		{E30463D3-AEFE-434E-B04D-13F7E279EB03}.Release|x86.Build.0 = Release|x86
		{919182F7-0B93-45FB-8740-42B24F9D3BF5}.Debug|Any CPU.ActiveCfg = Debug|Any CPU
		{919182F7-0B93-45FB-8740-42B24F9D3BF5}.Debug|Any CPU.Build.0 = Debug|Any CPU
		{919182F7-0B93-45FB-8740-42B24F9D3BF5}.Debug|x64.ActiveCfg = Debug|x64
		{919182F7-0B93-45FB-8740-42B24F9D3BF5}.Debug|x64.Build.0 = Debug|x64
		{919182F7-0B93-45FB-8740-42B24F9D3BF5}.Debug|x86.ActiveCfg = Debug|x86
		{919182F7-0B93-45FB-8740-42B24F9D3BF5}.Debug|x86.Build.0 = Debug|x86
		{919182F7-0B93-45FB-8740-42B24F9D3BF5}.Release|Any CPU.ActiveCfg = Release|Any CPU
		{919182F7-0B93-45FB-8740-42B24F9D3BF5}.Release|Any CPU.Build.0 = Release|Any CPU
		{919182F7-0B93-45FB-8740-42B24F9D3BF5}.Release|x64.ActiveCfg = Release|x64
		{919182F7-0B93-45FB-8740-42B24F9D3BF5}.Release|x64.Build.0 = Release|x64
		{919182F7-0B93-45FB-8740-42B24F9D3BF5}.Release|x86.ActiveCfg = Release|x86
		{919182F7-0B93-45FB-8740-42B24F9D3BF5}.Release|x86.Build.0 = Release|x86
	EndGlobalSection
	GlobalSection(NestedProjects) = preSolution
		{DB64EA90-0E1D-412D-8DC4-5E1DE85E7D04} = {F8D7A994-F73B-4ED7-BE2D-63C4589E6574}
		{613B3A54-8764-4808-BD60-8B89868CB24A} = {F8D7A994-F73B-4ED7-BE2D-63C4589E6574}
		{BD88F624-587B-44D7-BAFA-145D2CB12206} = {322721E0-5CF1-43A9-8777-979A9B30DBB8}
		{E30463D3-AEFE-434E-B04D-13F7E279EB03} = {322721E0-5CF1-43A9-8777-979A9B30DBB8}
		{919182F7-0B93-45FB-8740-42B24F9D3BF5} = {322721E0-5CF1-43A9-8777-979A9B30DBB8}
	EndGlobalSection
EndGlobal
